
Microsoft Visual Studio Solution File, Format Version 12.00
# Visual Studio Version 16
VisualStudioVersion = 16.0.31410.357
MinimumVisualStudioVersion = 10.0.40219.1
Project("{9A19103F-16F7-4668-BE54-9A1E7A4F7556}") = "TourismApp", "TourismApp\TourismApp.csproj", "{BCD2122A-4229-48D7-A67B-8FF6BEBFF2D3}"
EndProject
Project("{00D1A9C2-B5F0-4AF3-8072-F6C62B433612}") = "TourismDB", "TourismDB\TourismDB.sqlproj", "{1A1C845D-59F6-44EB-8AB4-EAB9CE042D63}"
EndProject
Project("{FAE04EC0-301F-11D3-BF4B-00C04F79EFBC}") = "TourismWeb", "TourismWeb\TourismWeb.csproj", "{D66905B7-4E40-45AC-BDFB-8FD3A7F11589}"
EndProject
Global
	GlobalSection(SolutionConfigurationPlatforms) = preSolution
		Debug|Any CPU = Debug|Any CPU
		Release|Any CPU = Release|Any CPU
	EndGlobalSection
	GlobalSection(ProjectConfigurationPlatforms) = postSolution
		{BCD2122A-4229-48D7-A67B-8FF6BEBFF2D3}.Debug|Any CPU.ActiveCfg = Debug|Any CPU
		{BCD2122A-4229-48D7-A67B-8FF6BEBFF2D3}.Debug|Any CPU.Build.0 = Debug|Any CPU
		{BCD2122A-4229-48D7-A67B-8FF6BEBFF2D3}.Release|Any CPU.ActiveCfg = Release|Any CPU
		{BCD2122A-4229-48D7-A67B-8FF6BEBFF2D3}.Release|Any CPU.Build.0 = Release|Any CPU
		{1A1C845D-59F6-44EB-8AB4-EAB9CE042D63}.Debug|Any CPU.ActiveCfg = Debug|Any CPU
		{1A1C845D-59F6-44EB-8AB4-EAB9CE042D63}.Debug|Any CPU.Build.0 = Debug|Any CPU
		{1A1C845D-59F6-44EB-8AB4-EAB9CE042D63}.Debug|Any CPU.Deploy.0 = Debug|Any CPU
		{1A1C845D-59F6-44EB-8AB4-EAB9CE042D63}.Release|Any CPU.ActiveCfg = Release|Any CPU
		{1A1C845D-59F6-44EB-8AB4-EAB9CE042D63}.Release|Any CPU.Build.0 = Release|Any CPU
		{1A1C845D-59F6-44EB-8AB4-EAB9CE042D63}.Release|Any CPU.Deploy.0 = Release|Any CPU
		{D66905B7-4E40-45AC-BDFB-8FD3A7F11589}.Debug|Any CPU.ActiveCfg = Debug|Any CPU
		{D66905B7-4E40-45AC-BDFB-8FD3A7F11589}.Debug|Any CPU.Build.0 = Debug|Any CPU
		{D66905B7-4E40-45AC-BDFB-8FD3A7F11589}.Release|Any CPU.ActiveCfg = Release|Any CPU
		{D66905B7-4E40-45AC-BDFB-8FD3A7F11589}.Release|Any CPU.Build.0 = Release|Any CPU
	EndGlobalSection
	GlobalSection(SolutionProperties) = preSolution
		HideSolutionNode = FALSE
	EndGlobalSection
	GlobalSection(ExtensibilityGlobals) = postSolution
		SolutionGuid = {62352C21-414B-4864-BCFC-86874C569124}
	EndGlobalSection
EndGlobal
